
Microsoft Visual Studio Solution File, Format Version 12.00
# Visual Studio Version 17
VisualStudioVersion = 17.12.35527.113 d17.12
MinimumVisualStudioVersion = 10.0.40219.1
Project("{FAE04EC0-301F-11D3-BF4B-00C04F79EFBC}") = "Ex16 Posição_de_um_número", "Ex16 Posição_de_um_número\Ex16 Posição_de_um_número.csproj", "{DF77A9E4-284D-42A3-A474-AD52C037BBCA}"
EndProject
Global
	GlobalSection(SolutionConfigurationPlatforms) = preSolution
		Debug|Any CPU = Debug|Any CPU
		Release|Any CPU = Release|Any CPU
	EndGlobalSection
	GlobalSection(ProjectConfigurationPlatforms) = postSolution
		{DF77A9E4-284D-42A3-A474-AD52C037BBCA}.Debug|Any CPU.ActiveCfg = Debug|Any CPU
		{DF77A9E4-284D-42A3-A474-AD52C037BBCA}.Debug|Any CPU.Build.0 = Debug|Any CPU
		{DF77A9E4-284D-42A3-A474-AD52C037BBCA}.Release|Any CPU.ActiveCfg = Release|Any CPU
		{DF77A9E4-284D-42A3-A474-AD52C037BBCA}.Release|Any CPU.Build.0 = Release|Any CPU
	EndGlobalSection
	GlobalSection(SolutionProperties) = preSolution
		HideSolutionNode = FALSE
	EndGlobalSection
EndGlobal
