
Microsoft Visual Studio Solution File, Format Version 12.00
# Visual Studio Version 17
VisualStudioVersion = 17.12.35527.113 d17.12
MinimumVisualStudioVersion = 10.0.40219.1
Project("{FAE04EC0-301F-11D3-BF4B-00C04F79EFBC}") = "Ex06 levantamento_do_estoque", "Ex06 levantamento_do_estoque\Ex06 levantamento_do_estoque.csproj", "{EBCCB733-2375-4AF6-8572-3956427A3F22}"
EndProject
Global
	GlobalSection(SolutionConfigurationPlatforms) = preSolution
		Debug|Any CPU = Debug|Any CPU
		Release|Any CPU = Release|Any CPU
	EndGlobalSection
	GlobalSection(ProjectConfigurationPlatforms) = postSolution
		{EBCCB733-2375-4AF6-8572-3956427A3F22}.Debug|Any CPU.ActiveCfg = Debug|Any CPU
		{EBCCB733-2375-4AF6-8572-3956427A3F22}.Debug|Any CPU.Build.0 = Debug|Any CPU
		{EBCCB733-2375-4AF6-8572-3956427A3F22}.Release|Any CPU.ActiveCfg = Release|Any CPU
		{EBCCB733-2375-4AF6-8572-3956427A3F22}.Release|Any CPU.Build.0 = Release|Any CPU
	EndGlobalSection
	GlobalSection(SolutionProperties) = preSolution
		HideSolutionNode = FALSE
	EndGlobalSection
EndGlobal
