
Microsoft Visual Studio Solution File, Format Version 12.00
# Visual Studio Version 17
VisualStudioVersion = 17.12.35527.113 d17.12
MinimumVisualStudioVersion = 10.0.40219.1
Project("{FAE04EC0-301F-11D3-BF4B-00C04F79EFBC}") = "Ex06valor_de_um_produto", "Ex06valor_de_um_produto\Ex06valor_de_um_produto.csproj", "{836A53A3-2323-43A8-80FA-D4585396C0C0}"
EndProject
Global
	GlobalSection(SolutionConfigurationPlatforms) = preSolution
		Debug|Any CPU = Debug|Any CPU
		Release|Any CPU = Release|Any CPU
	EndGlobalSection
	GlobalSection(ProjectConfigurationPlatforms) = postSolution
		{836A53A3-2323-43A8-80FA-D4585396C0C0}.Debug|Any CPU.ActiveCfg = Debug|Any CPU
		{836A53A3-2323-43A8-80FA-D4585396C0C0}.Debug|Any CPU.Build.0 = Debug|Any CPU
		{836A53A3-2323-43A8-80FA-D4585396C0C0}.Release|Any CPU.ActiveCfg = Release|Any CPU
		{836A53A3-2323-43A8-80FA-D4585396C0C0}.Release|Any CPU.Build.0 = Release|Any CPU
	EndGlobalSection
	GlobalSection(SolutionProperties) = preSolution
		HideSolutionNode = FALSE
	EndGlobalSection
EndGlobal
