
Microsoft Visual Studio Solution File, Format Version 12.00
# Visual Studio Version 17
VisualStudioVersion = 17.12.35707.178 d17.12
MinimumVisualStudioVersion = 10.0.40219.1
Project("{FAE04EC0-301F-11D3-BF4B-00C04F79EFBC}") = "6_Soma_de_numeros_em_um_intervalo", "6_Soma_de_numeros_em_um_intervalo\6_Soma_de_numeros_em_um_intervalo.csproj", "{8E7F83C8-06FB-4D7C-9762-25A9781A1716}"
EndProject
Global
	GlobalSection(SolutionConfigurationPlatforms) = preSolution
		Debug|Any CPU = Debug|Any CPU
		Release|Any CPU = Release|Any CPU
	EndGlobalSection
	GlobalSection(ProjectConfigurationPlatforms) = postSolution
		{8E7F83C8-06FB-4D7C-9762-25A9781A1716}.Debug|Any CPU.ActiveCfg = Debug|Any CPU
		{8E7F83C8-06FB-4D7C-9762-25A9781A1716}.Debug|Any CPU.Build.0 = Debug|Any CPU
		{8E7F83C8-06FB-4D7C-9762-25A9781A1716}.Release|Any CPU.ActiveCfg = Release|Any CPU
		{8E7F83C8-06FB-4D7C-9762-25A9781A1716}.Release|Any CPU.Build.0 = Release|Any CPU
	EndGlobalSection
	GlobalSection(SolutionProperties) = preSolution
		HideSolutionNode = FALSE
	EndGlobalSection
EndGlobal
