
Microsoft Visual Studio Solution File, Format Version 12.00
# Visual Studio Version 17
VisualStudioVersion = 17.12.35527.113 d17.12
MinimumVisualStudioVersion = 10.0.40219.1
Project("{FAE04EC0-301F-11D3-BF4B-00C04F79EFBC}") = "Ex05 Calcular_desconto", "Ex05 Calcular_desconto\Ex05 Calcular_desconto.csproj", "{15F6362A-0512-4C54-8252-6E2675139482}"
EndProject
Global
	GlobalSection(SolutionConfigurationPlatforms) = preSolution
		Debug|Any CPU = Debug|Any CPU
		Release|Any CPU = Release|Any CPU
	EndGlobalSection
	GlobalSection(ProjectConfigurationPlatforms) = postSolution
		{15F6362A-0512-4C54-8252-6E2675139482}.Debug|Any CPU.ActiveCfg = Debug|Any CPU
		{15F6362A-0512-4C54-8252-6E2675139482}.Debug|Any CPU.Build.0 = Debug|Any CPU
		{15F6362A-0512-4C54-8252-6E2675139482}.Release|Any CPU.ActiveCfg = Release|Any CPU
		{15F6362A-0512-4C54-8252-6E2675139482}.Release|Any CPU.Build.0 = Release|Any CPU
	EndGlobalSection
	GlobalSection(SolutionProperties) = preSolution
		HideSolutionNode = FALSE
	EndGlobalSection
EndGlobal
